// !$*UTF8*$!
{
	archiveVersion = 1;
	classes = {
	};
	objectVersion = 50;
	objects = {

/* Begin PBXBuildFile section */
		056B835F26AF01BE0082937E /* MainScreenWireframe.swift in Sources */ = {isa = PBXBuildFile; fileRef = 056B835E26AF01BE0082937E /* MainScreenWireframe.swift */; };
		056B836126AF065F0082937E /* NetworkManager.swift in Sources */ = {isa = PBXBuildFile; fileRef = 056B836026AF065F0082937E /* NetworkManager.swift */; };
		059B521826AAC2420004997C /* MainScreenPresenter.swift in Sources */ = {isa = PBXBuildFile; fileRef = 059B521726AAC2420004997C /* MainScreenPresenter.swift */; };
		059B521A26AAC2710004997C /* MainScreenInteractor.swift in Sources */ = {isa = PBXBuildFile; fileRef = 059B521926AAC2710004997C /* MainScreenInteractor.swift */; };
		059B521C26AAC2920004997C /* MainScreenRouter.swift in Sources */ = {isa = PBXBuildFile; fileRef = 059B521B26AAC2920004997C /* MainScreenRouter.swift */; };
		059B522026AAD5700004997C /* V1.swift in Sources */ = {isa = PBXBuildFile; fileRef = 059B521F26AAD5700004997C /* V1.swift */; };
		059B522226AAD6020004997C /* V2.swift in Sources */ = {isa = PBXBuildFile; fileRef = 059B522126AAD6020004997C /* V2.swift */; };
		05BBF46226A9536B005CBB89 /* AppDelegate.swift in Sources */ = {isa = PBXBuildFile; fileRef = 05BBF46126A9536B005CBB89 /* AppDelegate.swift */; };
		05BBF46426A9536B005CBB89 /* SceneDelegate.swift in Sources */ = {isa = PBXBuildFile; fileRef = 05BBF46326A9536B005CBB89 /* SceneDelegate.swift */; };
		05BBF46626A9536B005CBB89 /* MainScreenViewController.swift in Sources */ = {isa = PBXBuildFile; fileRef = 05BBF46526A9536B005CBB89 /* MainScreenViewController.swift */; };
		05BBF46B26A9536C005CBB89 /* Assets.xcassets in Resources */ = {isa = PBXBuildFile; fileRef = 05BBF46A26A9536C005CBB89 /* Assets.xcassets */; };
		05BBF46E26A9536C005CBB89 /* LaunchScreen.storyboard in Resources */ = {isa = PBXBuildFile; fileRef = 05BBF46C26A9536C005CBB89 /* LaunchScreen.storyboard */; };
		05BBF47926A9536C005CBB89 /* VIPER_ProjectTests.swift in Sources */ = {isa = PBXBuildFile; fileRef = 05BBF47826A9536C005CBB89 /* VIPER_ProjectTests.swift */; };
		05BBF48426A9536C005CBB89 /* VIPER_ProjectUITests.swift in Sources */ = {isa = PBXBuildFile; fileRef = 05BBF48326A9536C005CBB89 /* VIPER_ProjectUITests.swift */; };
/* End PBXBuildFile section */

/* Begin PBXContainerItemProxy section */
		05BBF47526A9536C005CBB89 /* PBXContainerItemProxy */ = {
			isa = PBXContainerItemProxy;
			containerPortal = 05BBF45626A9536B005CBB89 /* Project object */;
			proxyType = 1;
			remoteGlobalIDString = 05BBF45D26A9536B005CBB89;
			remoteInfo = VIPER_Project;
		};
		05BBF48026A9536C005CBB89 /* PBXContainerItemProxy */ = {
			isa = PBXContainerItemProxy;
			containerPortal = 05BBF45626A9536B005CBB89 /* Project object */;
			proxyType = 1;
			remoteGlobalIDString = 05BBF45D26A9536B005CBB89;
			remoteInfo = VIPER_Project;
		};
/* End PBXContainerItemProxy section */

/* Begin PBXFileReference section */
		056B835E26AF01BE0082937E /* MainScreenWireframe.swift */ = {isa = PBXFileReference; lastKnownFileType = sourcecode.swift; path = MainScreenWireframe.swift; sourceTree = "<group>"; };
		056B836026AF065F0082937E /* NetworkManager.swift */ = {isa = PBXFileReference; lastKnownFileType = sourcecode.swift; path = NetworkManager.swift; sourceTree = "<group>"; };
		059B521726AAC2420004997C /* MainScreenPresenter.swift */ = {isa = PBXFileReference; lastKnownFileType = sourcecode.swift; path = MainScreenPresenter.swift; sourceTree = "<group>"; };
		059B521926AAC2710004997C /* MainScreenInteractor.swift */ = {isa = PBXFileReference; lastKnownFileType = sourcecode.swift; path = MainScreenInteractor.swift; sourceTree = "<group>"; };
		059B521B26AAC2920004997C /* MainScreenRouter.swift */ = {isa = PBXFileReference; lastKnownFileType = sourcecode.swift; path = MainScreenRouter.swift; sourceTree = "<group>"; };
		059B521F26AAD5700004997C /* V1.swift */ = {isa = PBXFileReference; lastKnownFileType = sourcecode.swift; path = V1.swift; sourceTree = "<group>"; };
		059B522126AAD6020004997C /* V2.swift */ = {isa = PBXFileReference; lastKnownFileType = sourcecode.swift; path = V2.swift; sourceTree = "<group>"; };
		05BBF45E26A9536B005CBB89 /* VIPER_Project.app */ = {isa = PBXFileReference; explicitFileType = wrapper.application; includeInIndex = 0; path = VIPER_Project.app; sourceTree = BUILT_PRODUCTS_DIR; };
		05BBF46126A9536B005CBB89 /* AppDelegate.swift */ = {isa = PBXFileReference; lastKnownFileType = sourcecode.swift; path = AppDelegate.swift; sourceTree = "<group>"; };
		05BBF46326A9536B005CBB89 /* SceneDelegate.swift */ = {isa = PBXFileReference; lastKnownFileType = sourcecode.swift; path = SceneDelegate.swift; sourceTree = "<group>"; };
		05BBF46526A9536B005CBB89 /* MainScreenViewController.swift */ = {isa = PBXFileReference; lastKnownFileType = sourcecode.swift; path = MainScreenViewController.swift; sourceTree = "<group>"; };
		05BBF46A26A9536C005CBB89 /* Assets.xcassets */ = {isa = PBXFileReference; lastKnownFileType = folder.assetcatalog; path = Assets.xcassets; sourceTree = "<group>"; };
		05BBF46D26A9536C005CBB89 /* Base */ = {isa = PBXFileReference; lastKnownFileType = file.storyboard; name = Base; path = Base.lproj/LaunchScreen.storyboard; sourceTree = "<group>"; };
		05BBF46F26A9536C005CBB89 /* Info.plist */ = {isa = PBXFileReference; lastKnownFileType = text.plist.xml; path = Info.plist; sourceTree = "<group>"; };
		05BBF47426A9536C005CBB89 /* VIPER_ProjectTests.xctest */ = {isa = PBXFileReference; explicitFileType = wrapper.cfbundle; includeInIndex = 0; path = VIPER_ProjectTests.xctest; sourceTree = BUILT_PRODUCTS_DIR; };
		05BBF47826A9536C005CBB89 /* VIPER_ProjectTests.swift */ = {isa = PBXFileReference; lastKnownFileType = sourcecode.swift; path = VIPER_ProjectTests.swift; sourceTree = "<group>"; };
		05BBF47A26A9536C005CBB89 /* Info.plist */ = {isa = PBXFileReference; lastKnownFileType = text.plist.xml; path = Info.plist; sourceTree = "<group>"; };
		05BBF47F26A9536C005CBB89 /* VIPER_ProjectUITests.xctest */ = {isa = PBXFileReference; explicitFileType = wrapper.cfbundle; includeInIndex = 0; path = VIPER_ProjectUITests.xctest; sourceTree = BUILT_PRODUCTS_DIR; };
		05BBF48326A9536C005CBB89 /* VIPER_ProjectUITests.swift */ = {isa = PBXFileReference; lastKnownFileType = sourcecode.swift; path = VIPER_ProjectUITests.swift; sourceTree = "<group>"; };
		05BBF48526A9536C005CBB89 /* Info.plist */ = {isa = PBXFileReference; lastKnownFileType = text.plist.xml; path = Info.plist; sourceTree = "<group>"; };
/* End PBXFileReference section */

/* Begin PBXFrameworksBuildPhase section */
		05BBF45B26A9536B005CBB89 /* Frameworks */ = {
			isa = PBXFrameworksBuildPhase;
			buildActionMask = 2147483647;
			files = (
			);
			runOnlyForDeploymentPostprocessing = 0;
		};
		05BBF47126A9536C005CBB89 /* Frameworks */ = {
			isa = PBXFrameworksBuildPhase;
			buildActionMask = 2147483647;
			files = (
			);
			runOnlyForDeploymentPostprocessing = 0;
		};
		05BBF47C26A9536C005CBB89 /* Frameworks */ = {
			isa = PBXFrameworksBuildPhase;
			buildActionMask = 2147483647;
			files = (
			);
			runOnlyForDeploymentPostprocessing = 0;
		};
/* End PBXFrameworksBuildPhase section */

/* Begin PBXGroup section */
		059B521226AABFD20004997C /* StoryBoard */ = {
			isa = PBXGroup;
			children = (
				05BBF46C26A9536C005CBB89 /* LaunchScreen.storyboard */,
			);
			path = StoryBoard;
			sourceTree = "<group>";
		};
		059B521326AAC0F30004997C /* Modules */ = {
			isa = PBXGroup;
			children = (
				059B521426AAC1140004997C /* MainScreen */,
			);
			path = Modules;
			sourceTree = "<group>";
		};
		059B521426AAC1140004997C /* MainScreen */ = {
			isa = PBXGroup;
			children = (
				05BBF46526A9536B005CBB89 /* MainScreenViewController.swift */,
				059B521726AAC2420004997C /* MainScreenPresenter.swift */,
				059B521926AAC2710004997C /* MainScreenInteractor.swift */,
				059B521B26AAC2920004997C /* MainScreenRouter.swift */,
				056B835E26AF01BE0082937E /* MainScreenWireframe.swift */,
			);
			name = MainScreen;
			sourceTree = "<group>";
		};
		059B521D26AAC2DA0004997C /* Entities */ = {
			isa = PBXGroup;
			children = (
				059B521F26AAD5700004997C /* V1.swift */,
				059B522126AAD6020004997C /* V2.swift */,
			);
			name = Entities;
			sourceTree = "<group>";
		};
		059B521E26AAC3020004997C /* Common */ = {
			isa = PBXGroup;
			children = (
				05BBF46126A9536B005CBB89 /* AppDelegate.swift */,
				05BBF46326A9536B005CBB89 /* SceneDelegate.swift */,
			);
			path = Common;
			sourceTree = "<group>";
		};
		059B522326AB0D0B0004997C /* Services */ = {
			isa = PBXGroup;
			children = (
				056B836026AF065F0082937E /* NetworkManager.swift */,
			);
			path = Services;
			sourceTree = "<group>";
		};
		05BBF45526A9536B005CBB89 = {
			isa = PBXGroup;
			children = (
				05BBF46026A9536B005CBB89 /* VIPER_Project */,
				05BBF47726A9536C005CBB89 /* VIPER_ProjectTests */,
				05BBF48226A9536C005CBB89 /* VIPER_ProjectUITests */,
				05BBF45F26A9536B005CBB89 /* Products */,
			);
			sourceTree = "<group>";
		};
		05BBF45F26A9536B005CBB89 /* Products */ = {
			isa = PBXGroup;
			children = (
				05BBF45E26A9536B005CBB89 /* VIPER_Project.app */,
				05BBF47426A9536C005CBB89 /* VIPER_ProjectTests.xctest */,
				05BBF47F26A9536C005CBB89 /* VIPER_ProjectUITests.xctest */,
			);
			name = Products;
			sourceTree = "<group>";
		};
		05BBF46026A9536B005CBB89 /* VIPER_Project */ = {
			isa = PBXGroup;
			children = (
				059B522326AB0D0B0004997C /* Services */,
				059B521D26AAC2DA0004997C /* Entities */,
				059B521E26AAC3020004997C /* Common */,
				059B521326AAC0F30004997C /* Modules */,
				059B521226AABFD20004997C /* StoryBoard */,
				05BBF46A26A9536C005CBB89 /* Assets.xcassets */,
				05BBF46F26A9536C005CBB89 /* Info.plist */,
			);
			path = VIPER_Project;
			sourceTree = "<group>";
		};
		05BBF47726A9536C005CBB89 /* VIPER_ProjectTests */ = {
			isa = PBXGroup;
			children = (
				05BBF47826A9536C005CBB89 /* VIPER_ProjectTests.swift */,
				05BBF47A26A9536C005CBB89 /* Info.plist */,
			);
			path = VIPER_ProjectTests;
			sourceTree = "<group>";
		};
		05BBF48226A9536C005CBB89 /* VIPER_ProjectUITests */ = {
			isa = PBXGroup;
			children = (
				05BBF48326A9536C005CBB89 /* VIPER_ProjectUITests.swift */,
				05BBF48526A9536C005CBB89 /* Info.plist */,
			);
			path = VIPER_ProjectUITests;
			sourceTree = "<group>";
		};
/* End PBXGroup section */

/* Begin PBXNativeTarget section */
		05BBF45D26A9536B005CBB89 /* VIPER_Project */ = {
			isa = PBXNativeTarget;
			buildConfigurationList = 05BBF48826A9536C005CBB89 /* Build configuration list for PBXNativeTarget "VIPER_Project" */;
			buildPhases = (
				05BBF45A26A9536B005CBB89 /* Sources */,
				05BBF45B26A9536B005CBB89 /* Frameworks */,
				05BBF45C26A9536B005CBB89 /* Resources */,
				05BBF49126A95377005CBB89 /* SwiftLint */,
			);
			buildRules = (
			);
			dependencies = (
			);
			name = VIPER_Project;
			productName = VIPER_Project;
			productReference = 05BBF45E26A9536B005CBB89 /* VIPER_Project.app */;
			productType = "com.apple.product-type.application";
		};
		05BBF47326A9536C005CBB89 /* VIPER_ProjectTests */ = {
			isa = PBXNativeTarget;
			buildConfigurationList = 05BBF48B26A9536C005CBB89 /* Build configuration list for PBXNativeTarget "VIPER_ProjectTests" */;
			buildPhases = (
				05BBF47026A9536C005CBB89 /* Sources */,
				05BBF47126A9536C005CBB89 /* Frameworks */,
				05BBF47226A9536C005CBB89 /* Resources */,
			);
			buildRules = (
			);
			dependencies = (
				05BBF47626A9536C005CBB89 /* PBXTargetDependency */,
			);
			name = VIPER_ProjectTests;
			productName = VIPER_ProjectTests;
			productReference = 05BBF47426A9536C005CBB89 /* VIPER_ProjectTests.xctest */;
			productType = "com.apple.product-type.bundle.unit-test";
		};
		05BBF47E26A9536C005CBB89 /* VIPER_ProjectUITests */ = {
			isa = PBXNativeTarget;
			buildConfigurationList = 05BBF48E26A9536C005CBB89 /* Build configuration list for PBXNativeTarget "VIPER_ProjectUITests" */;
			buildPhases = (
				05BBF47B26A9536C005CBB89 /* Sources */,
				05BBF47C26A9536C005CBB89 /* Frameworks */,
				05BBF47D26A9536C005CBB89 /* Resources */,
			);
			buildRules = (
			);
			dependencies = (
				05BBF48126A9536C005CBB89 /* PBXTargetDependency */,
			);
			name = VIPER_ProjectUITests;
			productName = VIPER_ProjectUITests;
			productReference = 05BBF47F26A9536C005CBB89 /* VIPER_ProjectUITests.xctest */;
			productType = "com.apple.product-type.bundle.ui-testing";
		};
/* End PBXNativeTarget section */

/* Begin PBXProject section */
		05BBF45626A9536B005CBB89 /* Project object */ = {
			isa = PBXProject;
			attributes = {
				LastSwiftUpdateCheck = 1250;
				LastUpgradeCheck = 1250;
				TargetAttributes = {
					05BBF45D26A9536B005CBB89 = {
						CreatedOnToolsVersion = 12.5.1;
					};
					05BBF47326A9536C005CBB89 = {
						CreatedOnToolsVersion = 12.5.1;
						TestTargetID = 05BBF45D26A9536B005CBB89;
					};
					05BBF47E26A9536C005CBB89 = {
						CreatedOnToolsVersion = 12.5.1;
						TestTargetID = 05BBF45D26A9536B005CBB89;
					};
				};
			};
			buildConfigurationList = 05BBF45926A9536B005CBB89 /* Build configuration list for PBXProject "VIPER_Project" */;
			compatibilityVersion = "Xcode 9.3";
			developmentRegion = en;
			hasScannedForEncodings = 0;
			knownRegions = (
				en,
				Base,
			);
			mainGroup = 05BBF45526A9536B005CBB89;
			productRefGroup = 05BBF45F26A9536B005CBB89 /* Products */;
			projectDirPath = "";
			projectRoot = "";
			targets = (
				05BBF45D26A9536B005CBB89 /* VIPER_Project */,
				05BBF47326A9536C005CBB89 /* VIPER_ProjectTests */,
				05BBF47E26A9536C005CBB89 /* VIPER_ProjectUITests */,
			);
		};
/* End PBXProject section */

/* Begin PBXResourcesBuildPhase section */
		05BBF45C26A9536B005CBB89 /* Resources */ = {
			isa = PBXResourcesBuildPhase;
			buildActionMask = 2147483647;
			files = (
				05BBF46E26A9536C005CBB89 /* LaunchScreen.storyboard in Resources */,
				05BBF46B26A9536C005CBB89 /* Assets.xcassets in Resources */,
			);
			runOnlyForDeploymentPostprocessing = 0;
		};
		05BBF47226A9536C005CBB89 /* Resources */ = {
			isa = PBXResourcesBuildPhase;
			buildActionMask = 2147483647;
			files = (
			);
			runOnlyForDeploymentPostprocessing = 0;
		};
		05BBF47D26A9536C005CBB89 /* Resources */ = {
			isa = PBXResourcesBuildPhase;
			buildActionMask = 2147483647;
			files = (
			);
			runOnlyForDeploymentPostprocessing = 0;
		};
/* End PBXResourcesBuildPhase section */

/* Begin PBXShellScriptBuildPhase section */
		05BBF49126A95377005CBB89 /* SwiftLint */ = {
			isa = PBXShellScriptBuildPhase;
			buildActionMask = 2147483647;
			files = (
			);
			inputFileListPaths = (
			);
			inputPaths = (
			);
			name = SwiftLint;
			outputFileListPaths = (
			);
			outputPaths = (
			);
			runOnlyForDeploymentPostprocessing = 0;
			shellPath = /bin/sh;
			shellScript = "if which swiftlint >/dev/null; then\n    swiftlint --strict\nelse\n    echo \"warning: SwiftLint not installed, download from https://github.com/realm/SwiftLint\"\n    fi\n";
		};
/* End PBXShellScriptBuildPhase section */

/* Begin PBXSourcesBuildPhase section */
		05BBF45A26A9536B005CBB89 /* Sources */ = {
			isa = PBXSourcesBuildPhase;
			buildActionMask = 2147483647;
			files = (
				059B521C26AAC2920004997C /* MainScreenRouter.swift in Sources */,
				05BBF46626A9536B005CBB89 /* MainScreenViewController.swift in Sources */,
				05BBF46226A9536B005CBB89 /* AppDelegate.swift in Sources */,
				056B835F26AF01BE0082937E /* MainScreenWireframe.swift in Sources */,
				056B836126AF065F0082937E /* NetworkManager.swift in Sources */,
				05BBF46426A9536B005CBB89 /* SceneDelegate.swift in Sources */,
				059B522026AAD5700004997C /* V1.swift in Sources */,
				059B522226AAD6020004997C /* V2.swift in Sources */,
				059B521826AAC2420004997C /* MainScreenPresenter.swift in Sources */,
				059B521A26AAC2710004997C /* MainScreenInteractor.swift in Sources */,
			);
			runOnlyForDeploymentPostprocessing = 0;
		};
		05BBF47026A9536C005CBB89 /* Sources */ = {
			isa = PBXSourcesBuildPhase;
			buildActionMask = 2147483647;
			files = (
				05BBF47926A9536C005CBB89 /* VIPER_ProjectTests.swift in Sources */,
			);
			runOnlyForDeploymentPostprocessing = 0;
		};
		05BBF47B26A9536C005CBB89 /* Sources */ = {
			isa = PBXSourcesBuildPhase;
			buildActionMask = 2147483647;
			files = (
				05BBF48426A9536C005CBB89 /* VIPER_ProjectUITests.swift in Sources */,
			);
			runOnlyForDeploymentPostprocessing = 0;
		};
/* End PBXSourcesBuildPhase section */

/* Begin PBXTargetDependency section */
		05BBF47626A9536C005CBB89 /* PBXTargetDependency */ = {
			isa = PBXTargetDependency;
			target = 05BBF45D26A9536B005CBB89 /* VIPER_Project */;
			targetProxy = 05BBF47526A9536C005CBB89 /* PBXContainerItemProxy */;
		};
		05BBF48126A9536C005CBB89 /* PBXTargetDependency */ = {
			isa = PBXTargetDependency;
			target = 05BBF45D26A9536B005CBB89 /* VIPER_Project */;
			targetProxy = 05BBF48026A9536C005CBB89 /* PBXContainerItemProxy */;
		};
/* End PBXTargetDependency section */

/* Begin PBXVariantGroup section */
		05BBF46C26A9536C005CBB89 /* LaunchScreen.storyboard */ = {
			isa = PBXVariantGroup;
			children = (
				05BBF46D26A9536C005CBB89 /* Base */,
			);
			name = LaunchScreen.storyboard;
			sourceTree = "<group>";
		};
/* End PBXVariantGroup section */

/* Begin XCBuildConfiguration section */
		05BBF48626A9536C005CBB89 /* Debug */ = {
			isa = XCBuildConfiguration;
			buildSettings = {
				ALWAYS_SEARCH_USER_PATHS = NO;
				CLANG_ANALYZER_NONNULL = YES;
				CLANG_ANALYZER_NUMBER_OBJECT_CONVERSION = YES_AGGRESSIVE;
				CLANG_CXX_LANGUAGE_STANDARD = "gnu++14";
				CLANG_CXX_LIBRARY = "libc++";
				CLANG_ENABLE_MODULES = YES;
				CLANG_ENABLE_OBJC_ARC = YES;
				CLANG_ENABLE_OBJC_WEAK = YES;
				CLANG_WARN_BLOCK_CAPTURE_AUTORELEASING = YES;
				CLANG_WARN_BOOL_CONVERSION = YES;
				CLANG_WARN_COMMA = YES;
				CLANG_WARN_CONSTANT_CONVERSION = YES;
				CLANG_WARN_DEPRECATED_OBJC_IMPLEMENTATIONS = YES;
				CLANG_WARN_DIRECT_OBJC_ISA_USAGE = YES_ERROR;
				CLANG_WARN_DOCUMENTATION_COMMENTS = YES;
				CLANG_WARN_EMPTY_BODY = YES;
				CLANG_WARN_ENUM_CONVERSION = YES;
				CLANG_WARN_INFINITE_RECURSION = YES;
				CLANG_WARN_INT_CONVERSION = YES;
				CLANG_WARN_NON_LITERAL_NULL_CONVERSION = YES;
				CLANG_WARN_OBJC_IMPLICIT_RETAIN_SELF = YES;
				CLANG_WARN_OBJC_LITERAL_CONVERSION = YES;
				CLANG_WARN_OBJC_ROOT_CLASS = YES_ERROR;
				CLANG_WARN_QUOTED_INCLUDE_IN_FRAMEWORK_HEADER = YES;
				CLANG_WARN_RANGE_LOOP_ANALYSIS = YES;
				CLANG_WARN_STRICT_PROTOTYPES = YES;
				CLANG_WARN_SUSPICIOUS_MOVE = YES;
				CLANG_WARN_UNGUARDED_AVAILABILITY = YES_AGGRESSIVE;
				CLANG_WARN_UNREACHABLE_CODE = YES;
				CLANG_WARN__DUPLICATE_METHOD_MATCH = YES;
				COPY_PHASE_STRIP = NO;
				DEBUG_INFORMATION_FORMAT = dwarf;
				ENABLE_STRICT_OBJC_MSGSEND = YES;
				ENABLE_TESTABILITY = YES;
				GCC_C_LANGUAGE_STANDARD = gnu11;
				GCC_DYNAMIC_NO_PIC = NO;
				GCC_NO_COMMON_BLOCKS = YES;
				GCC_OPTIMIZATION_LEVEL = 0;
				GCC_PREPROCESSOR_DEFINITIONS = (
					"DEBUG=1",
					"$(inherited)",
				);
				GCC_WARN_64_TO_32_BIT_CONVERSION = YES;
				GCC_WARN_ABOUT_RETURN_TYPE = YES_ERROR;
				GCC_WARN_UNDECLARED_SELECTOR = YES;
				GCC_WARN_UNINITIALIZED_AUTOS = YES_AGGRESSIVE;
				GCC_WARN_UNUSED_FUNCTION = YES;
				GCC_WARN_UNUSED_VARIABLE = YES;
				IPHONEOS_DEPLOYMENT_TARGET = 14.5;
				MTL_ENABLE_DEBUG_INFO = INCLUDE_SOURCE;
				MTL_FAST_MATH = YES;
				ONLY_ACTIVE_ARCH = YES;
				SDKROOT = iphoneos;
				SWIFT_ACTIVE_COMPILATION_CONDITIONS = DEBUG;
				SWIFT_OPTIMIZATION_LEVEL = "-Onone";
			};
			name = Debug;
		};
		05BBF48726A9536C005CBB89 /* Release */ = {
			isa = XCBuildConfiguration;
			buildSettings = {
				ALWAYS_SEARCH_USER_PATHS = NO;
				CLANG_ANALYZER_NONNULL = YES;
				CLANG_ANALYZER_NUMBER_OBJECT_CONVERSION = YES_AGGRESSIVE;
				CLANG_CXX_LANGUAGE_STANDARD = "gnu++14";
				CLANG_CXX_LIBRARY = "libc++";
				CLANG_ENABLE_MODULES = YES;
				CLANG_ENABLE_OBJC_ARC = YES;
				CLANG_ENABLE_OBJC_WEAK = YES;
				CLANG_WARN_BLOCK_CAPTURE_AUTORELEASING = YES;
				CLANG_WARN_BOOL_CONVERSION = YES;
				CLANG_WARN_COMMA = YES;
				CLANG_WARN_CONSTANT_CONVERSION = YES;
				CLANG_WARN_DEPRECATED_OBJC_IMPLEMENTATIONS = YES;
				CLANG_WARN_DIRECT_OBJC_ISA_USAGE = YES_ERROR;
				CLANG_WARN_DOCUMENTATION_COMMENTS = YES;
				CLANG_WARN_EMPTY_BODY = YES;
				CLANG_WARN_ENUM_CONVERSION = YES;
				CLANG_WARN_INFINITE_RECURSION = YES;
				CLANG_WARN_INT_CONVERSION = YES;
				CLANG_WARN_NON_LITERAL_NULL_CONVERSION = YES;
				CLANG_WARN_OBJC_IMPLICIT_RETAIN_SELF = YES;
				CLANG_WARN_OBJC_LITERAL_CONVERSION = YES;
				CLANG_WARN_OBJC_ROOT_CLASS = YES_ERROR;
				CLANG_WARN_QUOTED_INCLUDE_IN_FRAMEWORK_HEADER = YES;
				CLANG_WARN_RANGE_LOOP_ANALYSIS = YES;
				CLANG_WARN_STRICT_PROTOTYPES = YES;
				CLANG_WARN_SUSPICIOUS_MOVE = YES;
				CLANG_WARN_UNGUARDED_AVAILABILITY = YES_AGGRESSIVE;
				CLANG_WARN_UNREACHABLE_CODE = YES;
				CLANG_WARN__DUPLICATE_METHOD_MATCH = YES;
				COPY_PHASE_STRIP = NO;
				DEBUG_INFORMATION_FORMAT = "dwarf-with-dsym";
				ENABLE_NS_ASSERTIONS = NO;
				ENABLE_STRICT_OBJC_MSGSEND = YES;
				GCC_C_LANGUAGE_STANDARD = gnu11;
				GCC_NO_COMMON_BLOCKS = YES;
				GCC_WARN_64_TO_32_BIT_CONVERSION = YES;
				GCC_WARN_ABOUT_RETURN_TYPE = YES_ERROR;
				GCC_WARN_UNDECLARED_SELECTOR = YES;
				GCC_WARN_UNINITIALIZED_AUTOS = YES_AGGRESSIVE;
				GCC_WARN_UNUSED_FUNCTION = YES;
				GCC_WARN_UNUSED_VARIABLE = YES;
				IPHONEOS_DEPLOYMENT_TARGET = 14.5;
				MTL_ENABLE_DEBUG_INFO = NO;
				MTL_FAST_MATH = YES;
				SDKROOT = iphoneos;
				SWIFT_COMPILATION_MODE = wholemodule;
				SWIFT_OPTIMIZATION_LEVEL = "-O";
				VALIDATE_PRODUCT = YES;
			};
			name = Release;
		};
		05BBF48926A9536C005CBB89 /* Debug */ = {
			isa = XCBuildConfiguration;
			buildSettings = {
				ASSETCATALOG_COMPILER_APPICON_NAME = AppIcon;
				ASSETCATALOG_COMPILER_GLOBAL_ACCENT_COLOR_NAME = AccentColor;
				CODE_SIGN_STYLE = Automatic;
				DEVELOPMENT_TEAM = HT65N3ZFYQ;
				INFOPLIST_FILE = VIPER_Project/Info.plist;
				LD_RUNPATH_SEARCH_PATHS = (
					"$(inherited)",
					"@executable_path/Frameworks",
				);
				PRODUCT_BUNDLE_IDENTIFIER = "EPAM-Systems.VIPER-Project";
				PRODUCT_NAME = "$(TARGET_NAME)";
				SWIFT_VERSION = 5.0;
				TARGETED_DEVICE_FAMILY = "1,2";
			};
			name = Debug;
		};
		05BBF48A26A9536C005CBB89 /* Release */ = {
			isa = XCBuildConfiguration;
			buildSettings = {
				ASSETCATALOG_COMPILER_APPICON_NAME = AppIcon;
				ASSETCATALOG_COMPILER_GLOBAL_ACCENT_COLOR_NAME = AccentColor;
				CODE_SIGN_STYLE = Automatic;
				DEVELOPMENT_TEAM = HT65N3ZFYQ;
				INFOPLIST_FILE = VIPER_Project/Info.plist;
				IPHONEOS_DEPLOYMENT_TARGET = 14.1;
				LD_RUNPATH_SEARCH_PATHS = (
					"$(inherited)",
					"@executable_path/Frameworks",
				);
				PRODUCT_BUNDLE_IDENTIFIER = "EPAM-Systems.VIPER-Project";
				PRODUCT_NAME = "$(TARGET_NAME)";
				SWIFT_VERSION = 5.0;
				TARGETED_DEVICE_FAMILY = "1,2";
			};
			name = Release;
		};
		05BBF48C26A9536C005CBB89 /* Debug */ = {
			isa = XCBuildConfiguration;
			buildSettings = {
				ALWAYS_EMBED_SWIFT_STANDARD_LIBRARIES = YES;
				BUNDLE_LOADER = "$(TEST_HOST)";
				CODE_SIGN_STYLE = Automatic;
				DEVELOPMENT_TEAM = HT65N3ZFYQ;
				INFOPLIST_FILE = VIPER_ProjectTests/Info.plist;
				IPHONEOS_DEPLOYMENT_TARGET = 14.5;
				LD_RUNPATH_SEARCH_PATHS = (
					"$(inherited)",
					"@executable_path/Frameworks",
					"@loader_path/Frameworks",
				);
				PRODUCT_BUNDLE_IDENTIFIER = "EPAM-Systems.VIPER-ProjectTests";
				PRODUCT_NAME = "$(TARGET_NAME)";
				SWIFT_VERSION = 5.0;
				TARGETED_DEVICE_FAMILY = "1,2";
				TEST_HOST = "$(BUILT_PRODUCTS_DIR)/VIPER_Project.app/VIPER_Project";
			};
			name = Debug;
		};
		05BBF48D26A9536C005CBB89 /* Release */ = {
			isa = XCBuildConfiguration;
			buildSettings = {
				ALWAYS_EMBED_SWIFT_STANDARD_LIBRARIES = YES;
				BUNDLE_LOADER = "$(TEST_HOST)";
				CODE_SIGN_STYLE = Automatic;
				DEVELOPMENT_TEAM = HT65N3ZFYQ;
				INFOPLIST_FILE = VIPER_ProjectTests/Info.plist;
				IPHONEOS_DEPLOYMENT_TARGET = 14.5;
				LD_RUNPATH_SEARCH_PATHS = (
					"$(inherited)",
					"@executable_path/Frameworks",
					"@loader_path/Frameworks",
				);
				PRODUCT_BUNDLE_IDENTIFIER = "EPAM-Systems.VIPER-ProjectTests";
				PRODUCT_NAME = "$(TARGET_NAME)";
				SWIFT_VERSION = 5.0;
				TARGETED_DEVICE_FAMILY = "1,2";
				TEST_HOST = "$(BUILT_PRODUCTS_DIR)/VIPER_Project.app/VIPER_Project";
			};
			name = Release;
		};
		05BBF48F26A9536C005CBB89 /* Debug */ = {
			isa = XCBuildConfiguration;
			buildSettings = {
				ALWAYS_EMBED_SWIFT_STANDARD_LIBRARIES = YES;
				CODE_SIGN_STYLE = Automatic;
				DEVELOPMENT_TEAM = HT65N3ZFYQ;
				INFOPLIST_FILE = VIPER_ProjectUITests/Info.plist;
				LD_RUNPATH_SEARCH_PATHS = (
					"$(inherited)",
					"@executable_path/Frameworks",
					"@loader_path/Frameworks",
				);
				PRODUCT_BUNDLE_IDENTIFIER = "EPAM-Systems.VIPER-ProjectUITests";
				PRODUCT_NAME = "$(TARGET_NAME)";
				SWIFT_VERSION = 5.0;
				TARGETED_DEVICE_FAMILY = "1,2";
				TEST_TARGET_NAME = VIPER_Project;
			};
			name = Debug;
		};
		05BBF49026A9536C005CBB89 /* Release */ = {
			isa = XCBuildConfiguration;
			buildSettings = {
				ALWAYS_EMBED_SWIFT_STANDARD_LIBRARIES = YES;
				CODE_SIGN_STYLE = Automatic;
				DEVELOPMENT_TEAM = HT65N3ZFYQ;
				INFOPLIST_FILE = VIPER_ProjectUITests/Info.plist;
				LD_RUNPATH_SEARCH_PATHS = (
					"$(inherited)",
					"@executable_path/Frameworks",
					"@loader_path/Frameworks",
				);
				PRODUCT_BUNDLE_IDENTIFIER = "EPAM-Systems.VIPER-ProjectUITests";
				PRODUCT_NAME = "$(TARGET_NAME)";
				SWIFT_VERSION = 5.0;
				TARGETED_DEVICE_FAMILY = "1,2";
				TEST_TARGET_NAME = VIPER_Project;
			};
			name = Release;
		};
/* End XCBuildConfiguration section */

/* Begin XCConfigurationList section */
		05BBF45926A9536B005CBB89 /* Build configuration list for PBXProject "VIPER_Project" */ = {
			isa = XCConfigurationList;
			buildConfigurations = (
				05BBF48626A9536C005CBB89 /* Debug */,
				05BBF48726A9536C005CBB89 /* Release */,
			);
			defaultConfigurationIsVisible = 0;
			defaultConfigurationName = Release;
		};
		05BBF48826A9536C005CBB89 /* Build configuration list for PBXNativeTarget "VIPER_Project" */ = {
			isa = XCConfigurationList;
			buildConfigurations = (
				05BBF48926A9536C005CBB89 /* Debug */,
				05BBF48A26A9536C005CBB89 /* Release */,
			);
			defaultConfigurationIsVisible = 0;
			defaultConfigurationName = Release;
		};
		05BBF48B26A9536C005CBB89 /* Build configuration list for PBXNativeTarget "VIPER_ProjectTests" */ = {
			isa = XCConfigurationList;
			buildConfigurations = (
				05BBF48C26A9536C005CBB89 /* Debug */,
				05BBF48D26A9536C005CBB89 /* Release */,
			);
			defaultConfigurationIsVisible = 0;
			defaultConfigurationName = Release;
		};
		05BBF48E26A9536C005CBB89 /* Build configuration list for PBXNativeTarget "VIPER_ProjectUITests" */ = {
			isa = XCConfigurationList;
			buildConfigurations = (
				05BBF48F26A9536C005CBB89 /* Debug */,
				05BBF49026A9536C005CBB89 /* Release */,
			);
			defaultConfigurationIsVisible = 0;
			defaultConfigurationName = Release;
		};
/* End XCConfigurationList section */
	};
	rootObject = 05BBF45626A9536B005CBB89 /* Project object */;
}
